
Microsoft Visual Studio Solution File, Format Version 11.00
# Visual Studio 2010
Project("{FAE04EC0-301F-11D3-BF4B-00C04F79EFBC}") = "Artis", "Artis\Artis.csproj", "{91A2B324-F5B7-4170-A58F-3DD4124ECB03}"
EndProject
Project("{FAE04EC0-301F-11D3-BF4B-00C04F79EFBC}") = "Artis.Tests", "Artis.Tests\Artis.Tests.csproj", "{DC7891DF-DBE3-4EF7-8C1B-45A46B222F55}"
EndProject
Global
	GlobalSection(SolutionConfigurationPlatforms) = preSolution
		Debug|Any CPU = Debug|Any CPU
		Release|Any CPU = Release|Any CPU
	EndGlobalSection
	GlobalSection(ProjectConfigurationPlatforms) = postSolution
		{91A2B324-F5B7-4170-A58F-3DD4124ECB03}.Debug|Any CPU.ActiveCfg = Debug|Any CPU
		{91A2B324-F5B7-4170-A58F-3DD4124ECB03}.Debug|Any CPU.Build.0 = Debug|Any CPU
		{91A2B324-F5B7-4170-A58F-3DD4124ECB03}.Release|Any CPU.ActiveCfg = Release|Any CPU
		{91A2B324-F5B7-4170-A58F-3DD4124ECB03}.Release|Any CPU.Build.0 = Release|Any CPU
		{DC7891DF-DBE3-4EF7-8C1B-45A46B222F55}.Debug|Any CPU.ActiveCfg = Debug|Any CPU
		{DC7891DF-DBE3-4EF7-8C1B-45A46B222F55}.Debug|Any CPU.Build.0 = Debug|Any CPU
		{DC7891DF-DBE3-4EF7-8C1B-45A46B222F55}.Release|Any CPU.ActiveCfg = Release|Any CPU
		{DC7891DF-DBE3-4EF7-8C1B-45A46B222F55}.Release|Any CPU.Build.0 = Release|Any CPU
	EndGlobalSection
	GlobalSection(SolutionProperties) = preSolution
		HideSolutionNode = FALSE
	EndGlobalSection
EndGlobal
